
Microsoft Visual Studio Solution File, Format Version 11.00
# Visual Studio 2010
Project("{FAE04EC0-301F-11D3-BF4B-00C04F79EFBC}") = "Assembly-CSharp", "Assembly-CSharp.csproj", "{1C55E41B-E737-AC95-B8A4-F78882C2A58B}"
EndProject
Project("{FAE04EC0-301F-11D3-BF4B-00C04F79EFBC}") = "Assembly-CSharp-firstpass", "Assembly-CSharp-firstpass.csproj", "{AB8B692D-E14C-1BD8-9252-46472C182487}"
EndProject
Project("{FAE04EC0-301F-11D3-BF4B-00C04F79EFBC}") = "Assembly-CSharp-Editor-firstpass", "Assembly-CSharp-Editor-firstpass.csproj", "{55EAF8BD-2D8B-7D9A-2C1B-C51E81627151}"
EndProject
Global
	GlobalSection(SolutionConfigurationPlatforms) = preSolution
		Debug|Any CPU = Debug|Any CPU
		Release|Any CPU = Release|Any CPU
	EndGlobalSection
	GlobalSection(ProjectConfigurationPlatforms) = postSolution
		{1C55E41B-E737-AC95-B8A4-F78882C2A58B}.Debug|Any CPU.ActiveCfg = Debug|Any CPU
		{1C55E41B-E737-AC95-B8A4-F78882C2A58B}.Debug|Any CPU.Build.0 = Debug|Any CPU
		{1C55E41B-E737-AC95-B8A4-F78882C2A58B}.Release|Any CPU.ActiveCfg = Release|Any CPU
		{1C55E41B-E737-AC95-B8A4-F78882C2A58B}.Release|Any CPU.Build.0 = Release|Any CPU
		{AB8B692D-E14C-1BD8-9252-46472C182487}.Debug|Any CPU.ActiveCfg = Debug|Any CPU
		{AB8B692D-E14C-1BD8-9252-46472C182487}.Debug|Any CPU.Build.0 = Debug|Any CPU
		{AB8B692D-E14C-1BD8-9252-46472C182487}.Release|Any CPU.ActiveCfg = Release|Any CPU
		{AB8B692D-E14C-1BD8-9252-46472C182487}.Release|Any CPU.Build.0 = Release|Any CPU
		{55EAF8BD-2D8B-7D9A-2C1B-C51E81627151}.Debug|Any CPU.ActiveCfg = Debug|Any CPU
		{55EAF8BD-2D8B-7D9A-2C1B-C51E81627151}.Debug|Any CPU.Build.0 = Debug|Any CPU
		{55EAF8BD-2D8B-7D9A-2C1B-C51E81627151}.Release|Any CPU.ActiveCfg = Release|Any CPU
		{55EAF8BD-2D8B-7D9A-2C1B-C51E81627151}.Release|Any CPU.Build.0 = Release|Any CPU
	EndGlobalSection
	GlobalSection(SolutionProperties) = preSolution
		HideSolutionNode = FALSE
	EndGlobalSection
EndGlobal
